// !$*UTF8*$!
{
	archiveVersion = 1;
	classes = {
	};
	objectVersion = 46;
	objects = {

/* Begin PBXBuildFile section */
		D3F2A39916DA07A900E7B8DF /* Foundation.framework in Frameworks */ = {isa = PBXBuildFile; fileRef = D3F2A39816DA07A900E7B8DF /* Foundation.framework */; };
		D3F2A39C16DA07A900E7B8DF /* main.m in Sources */ = {isa = PBXBuildFile; fileRef = D3F2A39B16DA07A900E7B8DF /* main.m */; };
		D3F2A3A016DA07A900E7B8DF /* house.1 in CopyFiles */ = {isa = PBXBuildFile; fileRef = D3F2A39F16DA07A900E7B8DF /* house.1 */; };
		D3F2A3A816DA097A00E7B8DF /* House.m in Sources */ = {isa = PBXBuildFile; fileRef = D3F2A3A716DA097A00E7B8DF /* House.m */; };
		D3F2A3AB16DDE24A00E7B8DF /* Condo.m in Sources */ = {isa = PBXBuildFile; fileRef = D3F2A3AA16DDE24A00E7B8DF /* Condo.m */; };
		D3F2A3AE16DDE2F100E7B8DF /* RowHome.m in Sources */ = {isa = PBXBuildFile; fileRef = D3F2A3AD16DDE2F100E7B8DF /* RowHome.m */; };
/* End PBXBuildFile section */

/* Begin PBXCopyFilesBuildPhase section */
		D3F2A39316DA07A900E7B8DF /* CopyFiles */ = {
			isa = PBXCopyFilesBuildPhase;
			buildActionMask = 2147483647;
			dstPath = /usr/share/man/man1/;
			dstSubfolderSpec = 0;
			files = (
				D3F2A3A016DA07A900E7B8DF /* house.1 in CopyFiles */,
			);
			runOnlyForDeploymentPostprocessing = 1;
		};
/* End PBXCopyFilesBuildPhase section */

/* Begin PBXFileReference section */
		D3F2A39516DA07A900E7B8DF /* house */ = {isa = PBXFileReference; explicitFileType = "compiled.mach-o.executable"; includeInIndex = 0; path = house; sourceTree = BUILT_PRODUCTS_DIR; };
		D3F2A39816DA07A900E7B8DF /* Foundation.framework */ = {isa = PBXFileReference; lastKnownFileType = wrapper.framework; name = Foundation.framework; path = System/Library/Frameworks/Foundation.framework; sourceTree = SDKROOT; };
		D3F2A39B16DA07A900E7B8DF /* main.m */ = {isa = PBXFileReference; lastKnownFileType = sourcecode.c.objc; path = main.m; sourceTree = "<group>"; };
		D3F2A39E16DA07A900E7B8DF /* house-Prefix.pch */ = {isa = PBXFileReference; lastKnownFileType = sourcecode.c.h; path = "house-Prefix.pch"; sourceTree = "<group>"; };
		D3F2A39F16DA07A900E7B8DF /* house.1 */ = {isa = PBXFileReference; lastKnownFileType = text.man; path = house.1; sourceTree = "<group>"; };
		D3F2A3A616DA097A00E7B8DF /* House.h */ = {isa = PBXFileReference; fileEncoding = 4; lastKnownFileType = sourcecode.c.h; path = House.h; sourceTree = "<group>"; };
		D3F2A3A716DA097A00E7B8DF /* House.m */ = {isa = PBXFileReference; fileEncoding = 4; lastKnownFileType = sourcecode.c.objc; path = House.m; sourceTree = "<group>"; };
		D3F2A3A916DDE24A00E7B8DF /* Condo.h */ = {isa = PBXFileReference; fileEncoding = 4; lastKnownFileType = sourcecode.c.h; path = Condo.h; sourceTree = "<group>"; };
		D3F2A3AA16DDE24A00E7B8DF /* Condo.m */ = {isa = PBXFileReference; fileEncoding = 4; lastKnownFileType = sourcecode.c.objc; path = Condo.m; sourceTree = "<group>"; };
		D3F2A3AC16DDE2F100E7B8DF /* RowHome.h */ = {isa = PBXFileReference; fileEncoding = 4; lastKnownFileType = sourcecode.c.h; path = RowHome.h; sourceTree = "<group>"; };
		D3F2A3AD16DDE2F100E7B8DF /* RowHome.m */ = {isa = PBXFileReference; fileEncoding = 4; lastKnownFileType = sourcecode.c.objc; path = RowHome.m; sourceTree = "<group>"; };
/* End PBXFileReference section */

/* Begin PBXFrameworksBuildPhase section */
		D3F2A39216DA07A900E7B8DF /* Frameworks */ = {
			isa = PBXFrameworksBuildPhase;
			buildActionMask = 2147483647;
			files = (
				D3F2A39916DA07A900E7B8DF /* Foundation.framework in Frameworks */,
			);
			runOnlyForDeploymentPostprocessing = 0;
		};
/* End PBXFrameworksBuildPhase section */

/* Begin PBXGroup section */
		D3F2A38C16DA07A900E7B8DF = {
			isa = PBXGroup;
			children = (
				D3F2A39A16DA07A900E7B8DF /* house */,
				D3F2A39716DA07A900E7B8DF /* Frameworks */,
				D3F2A39616DA07A900E7B8DF /* Products */,
			);
			sourceTree = "<group>";
		};
		D3F2A39616DA07A900E7B8DF /* Products */ = {
			isa = PBXGroup;
			children = (
				D3F2A39516DA07A900E7B8DF /* house */,
			);
			name = Products;
			sourceTree = "<group>";
		};
		D3F2A39716DA07A900E7B8DF /* Frameworks */ = {
			isa = PBXGroup;
			children = (
				D3F2A39816DA07A900E7B8DF /* Foundation.framework */,
			);
			name = Frameworks;
			sourceTree = "<group>";
		};
		D3F2A39A16DA07A900E7B8DF /* house */ = {
			isa = PBXGroup;
			children = (
				D3F2A39B16DA07A900E7B8DF /* main.m */,
				D3F2A3A916DDE24A00E7B8DF /* Condo.h */,
				D3F2A3AC16DDE2F100E7B8DF /* RowHome.h */,
				D3F2A3AD16DDE2F100E7B8DF /* RowHome.m */,
				D3F2A3AA16DDE24A00E7B8DF /* Condo.m */,
				D3F2A3A616DA097A00E7B8DF /* House.h */,
				D3F2A3A716DA097A00E7B8DF /* House.m */,
				D3F2A39F16DA07A900E7B8DF /* house.1 */,
				D3F2A39D16DA07A900E7B8DF /* Supporting Files */,
			);
			path = house;
			sourceTree = "<group>";
		};
		D3F2A39D16DA07A900E7B8DF /* Supporting Files */ = {
			isa = PBXGroup;
			children = (
				D3F2A39E16DA07A900E7B8DF /* house-Prefix.pch */,
			);
			name = "Supporting Files";
			sourceTree = "<group>";
		};
/* End PBXGroup section */

/* Begin PBXNativeTarget section */
		D3F2A39416DA07A900E7B8DF /* house */ = {
			isa = PBXNativeTarget;
			buildConfigurationList = D3F2A3A316DA07A900E7B8DF /* Build configuration list for PBXNativeTarget "house" */;
			buildPhases = (
				D3F2A39116DA07A900E7B8DF /* Sources */,
				D3F2A39216DA07A900E7B8DF /* Frameworks */,
				D3F2A39316DA07A900E7B8DF /* CopyFiles */,
			);
			buildRules = (
			);
			dependencies = (
			);
			name = house;
			productName = house;
			productReference = D3F2A39516DA07A900E7B8DF /* house */;
			productType = "com.apple.product-type.tool";
		};
/* End PBXNativeTarget section */

/* Begin PBXProject section */
		D3F2A38D16DA07A900E7B8DF /* Project object */ = {
			isa = PBXProject;
			attributes = {
				LastUpgradeCheck = 0460;
				ORGANIZATIONNAME = "Andrew Kreps";
			};
			buildConfigurationList = D3F2A39016DA07A900E7B8DF /* Build configuration list for PBXProject "house" */;
			compatibilityVersion = "Xcode 3.2";
			developmentRegion = English;
			hasScannedForEncodings = 0;
			knownRegions = (
				en,
			);
			mainGroup = D3F2A38C16DA07A900E7B8DF;
			productRefGroup = D3F2A39616DA07A900E7B8DF /* Products */;
			projectDirPath = "";
			projectRoot = "";
			targets = (
				D3F2A39416DA07A900E7B8DF /* house */,
			);
		};
/* End PBXProject section */

/* Begin PBXSourcesBuildPhase section */
		D3F2A39116DA07A900E7B8DF /* Sources */ = {
			isa = PBXSourcesBuildPhase;
			buildActionMask = 2147483647;
			files = (
				D3F2A39C16DA07A900E7B8DF /* main.m in Sources */,
				D3F2A3A816DA097A00E7B8DF /* House.m in Sources */,
				D3F2A3AB16DDE24A00E7B8DF /* Condo.m in Sources */,
				D3F2A3AE16DDE2F100E7B8DF /* RowHome.m in Sources */,
			);
			runOnlyForDeploymentPostprocessing = 0;
		};
/* End PBXSourcesBuildPhase section */

/* Begin XCBuildConfiguration section */
		D3F2A3A116DA07A900E7B8DF /* Debug */ = {
			isa = XCBuildConfiguration;
			buildSettings = {
				ALWAYS_SEARCH_USER_PATHS = NO;
				ARCHS = "$(ARCHS_STANDARD_64_BIT)";
				CLANG_CXX_LANGUAGE_STANDARD = "gnu++0x";
				CLANG_CXX_LIBRARY = "libc++";
				CLANG_ENABLE_OBJC_ARC = YES;
				CLANG_WARN_CONSTANT_CONVERSION = YES;
				CLANG_WARN_EMPTY_BODY = YES;
				CLANG_WARN_ENUM_CONVERSION = YES;
				CLANG_WARN_INT_CONVERSION = YES;
				CLANG_WARN__DUPLICATE_METHOD_MATCH = YES;
				COPY_PHASE_STRIP = NO;
				GCC_C_LANGUAGE_STANDARD = gnu99;
				GCC_DYNAMIC_NO_PIC = NO;
				GCC_ENABLE_OBJC_EXCEPTIONS = YES;
				GCC_OPTIMIZATION_LEVEL = 0;
				GCC_PREPROCESSOR_DEFINITIONS = (
					"DEBUG=1",
					"$(inherited)",
				);
				GCC_SYMBOLS_PRIVATE_EXTERN = NO;
				GCC_WARN_64_TO_32_BIT_CONVERSION = YES;
				GCC_WARN_ABOUT_RETURN_TYPE = YES;
				GCC_WARN_UNINITIALIZED_AUTOS = YES;
				GCC_WARN_UNUSED_VARIABLE = YES;
				MACOSX_DEPLOYMENT_TARGET = 10.8;
				ONLY_ACTIVE_ARCH = YES;
				SDKROOT = macosx;
			};
			name = Debug;
		};
		D3F2A3A216DA07A900E7B8DF /* Release */ = {
			isa = XCBuildConfiguration;
			buildSettings = {
				ALWAYS_SEARCH_USER_PATHS = NO;
				ARCHS = "$(ARCHS_STANDARD_64_BIT)";
				CLANG_CXX_LANGUAGE_STANDARD = "gnu++0x";
				CLANG_CXX_LIBRARY = "libc++";
				CLANG_ENABLE_OBJC_ARC = YES;
				CLANG_WARN_CONSTANT_CONVERSION = YES;
				CLANG_WARN_EMPTY_BODY = YES;
				CLANG_WARN_ENUM_CONVERSION = YES;
				CLANG_WARN_INT_CONVERSION = YES;
				CLANG_WARN__DUPLICATE_METHOD_MATCH = YES;
				COPY_PHASE_STRIP = YES;
				DEBUG_INFORMATION_FORMAT = "dwarf-with-dsym";
				GCC_C_LANGUAGE_STANDARD = gnu99;
				GCC_ENABLE_OBJC_EXCEPTIONS = YES;
				GCC_WARN_64_TO_32_BIT_CONVERSION = YES;
				GCC_WARN_ABOUT_RETURN_TYPE = YES;
				GCC_WARN_UNINITIALIZED_AUTOS = YES;
				GCC_WARN_UNUSED_VARIABLE = YES;
				MACOSX_DEPLOYMENT_TARGET = 10.8;
				SDKROOT = macosx;
			};
			name = Release;
		};
		D3F2A3A416DA07A900E7B8DF /* Debug */ = {
			isa = XCBuildConfiguration;
			buildSettings = {
				GCC_PRECOMPILE_PREFIX_HEADER = YES;
				GCC_PREFIX_HEADER = "house/house-Prefix.pch";
				PRODUCT_NAME = "$(TARGET_NAME)";
			};
			name = Debug;
		};
		D3F2A3A516DA07A900E7B8DF /* Release */ = {
			isa = XCBuildConfiguration;
			buildSettings = {
				GCC_PRECOMPILE_PREFIX_HEADER = YES;
				GCC_PREFIX_HEADER = "house/house-Prefix.pch";
				PRODUCT_NAME = "$(TARGET_NAME)";
			};
			name = Release;
		};
/* End XCBuildConfiguration section */

/* Begin XCConfigurationList section */
		D3F2A39016DA07A900E7B8DF /* Build configuration list for PBXProject "house" */ = {
			isa = XCConfigurationList;
			buildConfigurations = (
				D3F2A3A116DA07A900E7B8DF /* Debug */,
				D3F2A3A216DA07A900E7B8DF /* Release */,
			);
			defaultConfigurationIsVisible = 0;
			defaultConfigurationName = Release;
		};
		D3F2A3A316DA07A900E7B8DF /* Build configuration list for PBXNativeTarget "house" */ = {
			isa = XCConfigurationList;
			buildConfigurations = (
				D3F2A3A416DA07A900E7B8DF /* Debug */,
				D3F2A3A516DA07A900E7B8DF /* Release */,
			);
			defaultConfigurationIsVisible = 0;
		};
/* End XCConfigurationList section */
	};
	rootObject = D3F2A38D16DA07A900E7B8DF /* Project object */;
}
